
Microsoft Visual Studio Solution File, Format Version 12.00
# Visual Studio 15
Project("{FAE04EC0-301F-11D3-BF4B-00C04F79EFBC}") = "Assembly-CSharp", "Assembly-CSharp.csproj", "{427B651D-9408-3D4B-D7AF-34D21A135E70}"
EndProject
Project("{FAE04EC0-301F-11D3-BF4B-00C04F79EFBC}") = "Assembly-CSharp-Editor", "Assembly-CSharp-Editor.csproj", "{A1D1523B-D700-1E46-4159-56B7B9176006}"
EndProject
Project("{FAE04EC0-301F-11D3-BF4B-00C04F79EFBC}") = "Unity.Recorder.Samples.Editor", "Unity.Recorder.Samples.Editor.csproj", "{F115E266-83C1-6481-B7F7-C75F69F224A7}"
EndProject
Global
	GlobalSection(SolutionConfigurationPlatforms) = preSolution
		Debug|Any CPU = Debug|Any CPU
		Release|Any CPU = Release|Any CPU
	EndGlobalSection
	GlobalSection(ProjectConfigurationPlatforms) = postSolution
		{427B651D-9408-3D4B-D7AF-34D21A135E70}.Debug|Any CPU.ActiveCfg = Debug|Any CPU
		{427B651D-9408-3D4B-D7AF-34D21A135E70}.Debug|Any CPU.Build.0 = Debug|Any CPU
		{427B651D-9408-3D4B-D7AF-34D21A135E70}.Release|Any CPU.ActiveCfg = Release|Any CPU
		{427B651D-9408-3D4B-D7AF-34D21A135E70}.Release|Any CPU.Build.0 = Release|Any CPU
		{A1D1523B-D700-1E46-4159-56B7B9176006}.Debug|Any CPU.ActiveCfg = Debug|Any CPU
		{A1D1523B-D700-1E46-4159-56B7B9176006}.Debug|Any CPU.Build.0 = Debug|Any CPU
		{A1D1523B-D700-1E46-4159-56B7B9176006}.Release|Any CPU.ActiveCfg = Release|Any CPU
		{A1D1523B-D700-1E46-4159-56B7B9176006}.Release|Any CPU.Build.0 = Release|Any CPU
		{F115E266-83C1-6481-B7F7-C75F69F224A7}.Debug|Any CPU.ActiveCfg = Debug|Any CPU
		{F115E266-83C1-6481-B7F7-C75F69F224A7}.Debug|Any CPU.Build.0 = Debug|Any CPU
		{F115E266-83C1-6481-B7F7-C75F69F224A7}.Release|Any CPU.ActiveCfg = Release|Any CPU
		{F115E266-83C1-6481-B7F7-C75F69F224A7}.Release|Any CPU.Build.0 = Release|Any CPU
	EndGlobalSection
	GlobalSection(SolutionProperties) = preSolution
		HideSolutionNode = FALSE
	EndGlobalSection
EndGlobal
